
Microsoft Visual Studio Solution File, Format Version 12.00
# Visual Studio 14
VisualStudioVersion = 14.0.25420.1
MinimumVisualStudioVersion = 10.0.40219.1
Project("{FAE04EC0-301F-11D3-BF4B-00C04F79EFBC}") = "case 1", "lab2\case 1.csproj", "{73B8DACD-44D1-42E1-B686-05A1083A5684}"
EndProject
Project("{FAE04EC0-301F-11D3-BF4B-00C04F79EFBC}") = "case 2", "case 2\case 2.csproj", "{3B2A2CD4-1E28-476B-926C-E9B067A9481B}"
EndProject
Project("{FAE04EC0-301F-11D3-BF4B-00C04F79EFBC}") = "case 3", "case 3\case 3.csproj", "{044597AD-5C09-4C12-8C74-CBCF462AC29F}"
EndProject
Project("{FAE04EC0-301F-11D3-BF4B-00C04F79EFBC}") = "case 4", "case 4\case 4.csproj", "{608456DA-D54C-45EC-BE91-759D086AFE77}"
EndProject
Project("{FAE04EC0-301F-11D3-BF4B-00C04F79EFBC}") = "case 5", "case 5\case 5.csproj", "{4B9B932A-FA80-48C8-A81C-C90370DF656E}"
EndProject
Global
	GlobalSection(SolutionConfigurationPlatforms) = preSolution
		Debug|Any CPU = Debug|Any CPU
		Release|Any CPU = Release|Any CPU
	EndGlobalSection
	GlobalSection(ProjectConfigurationPlatforms) = postSolution
		{73B8DACD-44D1-42E1-B686-05A1083A5684}.Debug|Any CPU.ActiveCfg = Debug|Any CPU
		{73B8DACD-44D1-42E1-B686-05A1083A5684}.Debug|Any CPU.Build.0 = Debug|Any CPU
		{73B8DACD-44D1-42E1-B686-05A1083A5684}.Release|Any CPU.ActiveCfg = Release|Any CPU
		{73B8DACD-44D1-42E1-B686-05A1083A5684}.Release|Any CPU.Build.0 = Release|Any CPU
		{3B2A2CD4-1E28-476B-926C-E9B067A9481B}.Debug|Any CPU.ActiveCfg = Debug|Any CPU
		{3B2A2CD4-1E28-476B-926C-E9B067A9481B}.Debug|Any CPU.Build.0 = Debug|Any CPU
		{3B2A2CD4-1E28-476B-926C-E9B067A9481B}.Release|Any CPU.ActiveCfg = Release|Any CPU
		{3B2A2CD4-1E28-476B-926C-E9B067A9481B}.Release|Any CPU.Build.0 = Release|Any CPU
		{044597AD-5C09-4C12-8C74-CBCF462AC29F}.Debug|Any CPU.ActiveCfg = Debug|Any CPU
		{044597AD-5C09-4C12-8C74-CBCF462AC29F}.Debug|Any CPU.Build.0 = Debug|Any CPU
		{044597AD-5C09-4C12-8C74-CBCF462AC29F}.Release|Any CPU.ActiveCfg = Release|Any CPU
		{044597AD-5C09-4C12-8C74-CBCF462AC29F}.Release|Any CPU.Build.0 = Release|Any CPU
		{608456DA-D54C-45EC-BE91-759D086AFE77}.Debug|Any CPU.ActiveCfg = Debug|Any CPU
		{608456DA-D54C-45EC-BE91-759D086AFE77}.Debug|Any CPU.Build.0 = Debug|Any CPU
		{608456DA-D54C-45EC-BE91-759D086AFE77}.Release|Any CPU.ActiveCfg = Release|Any CPU
		{608456DA-D54C-45EC-BE91-759D086AFE77}.Release|Any CPU.Build.0 = Release|Any CPU
		{4B9B932A-FA80-48C8-A81C-C90370DF656E}.Debug|Any CPU.ActiveCfg = Debug|Any CPU
		{4B9B932A-FA80-48C8-A81C-C90370DF656E}.Debug|Any CPU.Build.0 = Debug|Any CPU
		{4B9B932A-FA80-48C8-A81C-C90370DF656E}.Release|Any CPU.ActiveCfg = Release|Any CPU
		{4B9B932A-FA80-48C8-A81C-C90370DF656E}.Release|Any CPU.Build.0 = Release|Any CPU
	EndGlobalSection
	GlobalSection(SolutionProperties) = preSolution
		HideSolutionNode = FALSE
	EndGlobalSection
EndGlobal
